PackratFormat: 1.4
PackratVersion: 0.4.7.1
RVersion: 3.3.0
Repos: CRAN=https://cran.rstudio.com/

Package: BH
Source: CRAN
Version: 1.60.0-2
Hash: be2967bcff307e561d9ba17faf03205c

Package: DBI
Source: CRAN
Version: 0.5
Hash: b4baa1938fb20e76519e8aa253fe60a6

Package: R6
Source: CRAN
Version: 2.1.2
Hash: c515e41c73294952cbb33ee1c1be5a2d

Package: RColorBrewer
Source: CRAN
Version: 1.1-2
Hash: c0d56cd15034f395874c870141870c25

Package: Rcpp
Source: CRAN
Version: 0.12.6
Hash: 79f89fabd832de0a2e60aa05d9027f32

Package: assertthat
Source: CRAN
Version: 0.1
Hash: 0afb92b59b02593c70ff8046700ba9d3

Package: chron
Source: CRAN
Version: 2.3-47
Hash: d25d96d908cd21080f24c89eed4c80a0

Package: colorspace
Source: CRAN
Version: 1.2-6
Hash: 00bb12245cd975c450cc4a960884fa15

Package: curl
Source: CRAN
Version: 1.2
Hash: 11de7924273ee61a95c7a157a572bc8a

Package: data.table
Source: CRAN
Version: 1.9.6
Hash: f92ef1f73afa43bf6fd69a22f3794abd
Requires: chron

Package: dichromat
Source: CRAN
Version: 2.0-0
Hash: 08eed0c80510af29bb15f840ccfe37ce

Package: digest
Source: CRAN
Version: 0.6.10
Hash: 87165608ca8aeb0958835c3c5b52b6b7

Package: dplyr
Source: CRAN
Version: 0.5.0
Hash: e34869d6b47a9b9579c2e98c20aa7609
Requires: BH, DBI, R6, Rcpp, assertthat, lazyeval, magrittr, tibble

Package: ggplot2
Source: CRAN
Version: 2.1.0
Hash: 50e297b0191179c39c7dcae0eff72b51
Requires: digest, gtable, plyr, reshape2, scales

Package: gtable
Source: CRAN
Version: 0.2.0
Hash: cd78381a9d3fea966ac39bd0daaf5554

Package: hms
Source: CRAN
Version: 0.2
Hash: c1b6ded8c65ae31a98d73a312b2e6574

Package: labeling
Source: CRAN
Version: 0.3
Hash: ecf589b42cd284b03a4beb9665482d3e

Package: lazyeval
Source: CRAN
Version: 0.2.0
Hash: 3d6e7608e65bbf5cb170dab1e3c9ed8b

Package: lubridate
Source: CRAN
Version: 1.5.6
Hash: f643b126e45fb537ab731a6451d7541f
Requires: stringr

Package: magrittr
Source: CRAN
Version: 1.5
Hash: bdc4d48c3135e8f3b399536ddf160df4

Package: munsell
Source: CRAN
Version: 0.4.3
Hash: f96d896947fcaf9b6d0074002e9f4f9d
Requires: colorspace

Package: packrat
Source: CRAN
Version: 0.4.7-1
Hash: 16ca16d36eb18d1d16113606ecc5c400

Package: plyr
Source: CRAN
Version: 1.8.4
Hash: e76f4b6b2ba5cb8309b10308cea03967
Requires: Rcpp

Package: readr
Source: CRAN
Version: 1.0.0
Hash: f0c16bdda604c63deb335ca54b618130
Requires: BH, R6, Rcpp, curl, hms, tibble

Package: reshape2
Source: CRAN
Version: 1.4.1
Hash: 55a31e20f8a216855e138ca83756a4b0
Requires: Rcpp, plyr, stringr

Package: rprojroot
Source: CRAN
Version: 1.0-2
Hash: c270982b60661aaf11964b7763e39cdd

Package: scales
Source: CRAN
Version: 0.4.0
Hash: 99ca163a301d7c1d959424a2cccdcacd
Requires: RColorBrewer, Rcpp, dichromat, labeling, munsell, plyr

Package: stringi
Source: CRAN
Version: 1.1.1
Hash: 48f2afc5dfecb65ba32a87d38b3533ff

Package: stringr
Source: CRAN
Version: 1.0.0
Hash: 2676dd5f88890910962b733b0f9540e1
Requires: magrittr, stringi

Package: tibble
Source: CRAN
Version: 1.1
Hash: 5467b4aa158b2d984538f7ffde17171c
Requires: Rcpp, assertthat, lazyeval

Package: tidyr
Source: CRAN
Version: 0.6.0
Hash: f57335fdd32a78c1eaf2317f4ed5936e
Requires: Rcpp, dplyr, lazyeval, magrittr, stringi, tibble

Package: wakefield
Source: CRAN
Version: 0.3.0
Hash: 42b12ffadc2959744741c19877ba0b34
Requires: chron, dplyr, ggplot2, stringi
